
Microsoft Visual Studio Solution File, Format Version 12.00
# Visual Studio 15
VisualStudioVersion = 15.0.26403.0
MinimumVisualStudioVersion = 10.0.40219.1
Project("{FAE04EC0-301F-11D3-BF4B-00C04F79EFBC}") = "OAuthXamarin.Android", "OAuthXamarin\OAuthXamarin.Android\OAuthXamarin.Android.csproj", "{94FEE665-865D-432F-8EFC-77761A45B41B}"
EndProject
Project("{FAE04EC0-301F-11D3-BF4B-00C04F79EFBC}") = "OAuthXamarin", "OAuthXamarin\OAuthXamarin\OAuthXamarin.csproj", "{DDF0812C-4662-4BEA-8CDB-468E15FC5153}"
EndProject
Project("{FAE04EC0-301F-11D3-BF4B-00C04F79EFBC}") = "OAuthXamarin.UWP", "OAuthXamarin\OAuthXamarin.UWP\OAuthXamarin.UWP.csproj", "{02A17D67-3F0B-435E-85AE-19AE3989F6D8}"
EndProject
Project("{FAE04EC0-301F-11D3-BF4B-00C04F79EFBC}") = "OAuthXamarin.iOS", "OAuthXamarin\OAuthXamarin.iOS\OAuthXamarin.iOS.csproj", "{D0556450-846C-4672-B2F6-31E9B89A3CF3}"
EndProject
Global
	GlobalSection(SolutionConfigurationPlatforms) = preSolution
		Ad-Hoc|Any CPU = Ad-Hoc|Any CPU
		Ad-Hoc|ARM = Ad-Hoc|ARM
		Ad-Hoc|iPhone = Ad-Hoc|iPhone
		Ad-Hoc|iPhoneSimulator = Ad-Hoc|iPhoneSimulator
		Ad-Hoc|x64 = Ad-Hoc|x64
		Ad-Hoc|x86 = Ad-Hoc|x86
		AppStore|Any CPU = AppStore|Any CPU
		AppStore|ARM = AppStore|ARM
		AppStore|iPhone = AppStore|iPhone
		AppStore|iPhoneSimulator = AppStore|iPhoneSimulator
		AppStore|x64 = AppStore|x64
		AppStore|x86 = AppStore|x86
		Debug|Any CPU = Debug|Any CPU
		Debug|ARM = Debug|ARM
		Debug|iPhone = Debug|iPhone
		Debug|iPhoneSimulator = Debug|iPhoneSimulator
		Debug|x64 = Debug|x64
		Debug|x86 = Debug|x86
		Release|Any CPU = Release|Any CPU
		Release|ARM = Release|ARM
		Release|iPhone = Release|iPhone
		Release|iPhoneSimulator = Release|iPhoneSimulator
		Release|x64 = Release|x64
		Release|x86 = Release|x86
	EndGlobalSection
	GlobalSection(ProjectConfigurationPlatforms) = postSolution
		{94FEE665-865D-432F-8EFC-77761A45B41B}.Ad-Hoc|Any CPU.ActiveCfg = Release|Any CPU
		{94FEE665-865D-432F-8EFC-77761A45B41B}.Ad-Hoc|Any CPU.Build.0 = Release|Any CPU
		{94FEE665-865D-432F-8EFC-77761A45B41B}.Ad-Hoc|Any CPU.Deploy.0 = Release|Any CPU
		{94FEE665-865D-432F-8EFC-77761A45B41B}.Ad-Hoc|ARM.ActiveCfg = Release|Any CPU
		{94FEE665-865D-432F-8EFC-77761A45B41B}.Ad-Hoc|ARM.Build.0 = Release|Any CPU
		{94FEE665-865D-432F-8EFC-77761A45B41B}.Ad-Hoc|ARM.Deploy.0 = Release|Any CPU
		{94FEE665-865D-432F-8EFC-77761A45B41B}.Ad-Hoc|iPhone.ActiveCfg = Release|Any CPU
		{94FEE665-865D-432F-8EFC-77761A45B41B}.Ad-Hoc|iPhone.Build.0 = Release|Any CPU
		{94FEE665-865D-432F-8EFC-77761A45B41B}.Ad-Hoc|iPhone.Deploy.0 = Release|Any CPU
		{94FEE665-865D-432F-8EFC-77761A45B41B}.Ad-Hoc|iPhoneSimulator.ActiveCfg = Release|Any CPU
		{94FEE665-865D-432F-8EFC-77761A45B41B}.Ad-Hoc|iPhoneSimulator.Build.0 = Release|Any CPU
		{94FEE665-865D-432F-8EFC-77761A45B41B}.Ad-Hoc|iPhoneSimulator.Deploy.0 = Release|Any CPU
		{94FEE665-865D-432F-8EFC-77761A45B41B}.Ad-Hoc|x64.ActiveCfg = Release|Any CPU
		{94FEE665-865D-432F-8EFC-77761A45B41B}.Ad-Hoc|x64.Build.0 = Release|Any CPU
		{94FEE665-865D-432F-8EFC-77761A45B41B}.Ad-Hoc|x64.Deploy.0 = Release|Any CPU
		{94FEE665-865D-432F-8EFC-77761A45B41B}.Ad-Hoc|x86.ActiveCfg = Release|Any CPU
		{94FEE665-865D-432F-8EFC-77761A45B41B}.Ad-Hoc|x86.Build.0 = Release|Any CPU
		{94FEE665-865D-432F-8EFC-77761A45B41B}.Ad-Hoc|x86.Deploy.0 = Release|Any CPU
		{94FEE665-865D-432F-8EFC-77761A45B41B}.AppStore|Any CPU.ActiveCfg = Release|Any CPU
		{94FEE665-865D-432F-8EFC-77761A45B41B}.AppStore|Any CPU.Build.0 = Release|Any CPU
		{94FEE665-865D-432F-8EFC-77761A45B41B}.AppStore|Any CPU.Deploy.0 = Release|Any CPU
		{94FEE665-865D-432F-8EFC-77761A45B41B}.AppStore|ARM.ActiveCfg = Release|Any CPU
		{94FEE665-865D-432F-8EFC-77761A45B41B}.AppStore|ARM.Build.0 = Release|Any CPU
		{94FEE665-865D-432F-8EFC-77761A45B41B}.AppStore|ARM.Deploy.0 = Release|Any CPU
		{94FEE665-865D-432F-8EFC-77761A45B41B}.AppStore|iPhone.ActiveCfg = Release|Any CPU
		{94FEE665-865D-432F-8EFC-77761A45B41B}.AppStore|iPhone.Build.0 = Release|Any CPU
		{94FEE665-865D-432F-8EFC-77761A45B41B}.AppStore|iPhone.Deploy.0 = Release|Any CPU
		{94FEE665-865D-432F-8EFC-77761A45B41B}.AppStore|iPhoneSimulator.ActiveCfg = Release|Any CPU
		{94FEE665-865D-432F-8EFC-77761A45B41B}.AppStore|iPhoneSimulator.Build.0 = Release|Any CPU
		{94FEE665-865D-432F-8EFC-77761A45B41B}.AppStore|iPhoneSimulator.Deploy.0 = Release|Any CPU
		{94FEE665-865D-432F-8EFC-77761A45B41B}.AppStore|x64.ActiveCfg = Release|Any CPU
		{94FEE665-865D-432F-8EFC-77761A45B41B}.AppStore|x64.Build.0 = Release|Any CPU
		{94FEE665-865D-432F-8EFC-77761A45B41B}.AppStore|x64.Deploy.0 = Release|Any CPU
		{94FEE665-865D-432F-8EFC-77761A45B41B}.AppStore|x86.ActiveCfg = Release|Any CPU
		{94FEE665-865D-432F-8EFC-77761A45B41B}.AppStore|x86.Build.0 = Release|Any CPU
		{94FEE665-865D-432F-8EFC-77761A45B41B}.AppStore|x86.Deploy.0 = Release|Any CPU
		{94FEE665-865D-432F-8EFC-77761A45B41B}.Debug|Any CPU.ActiveCfg = Debug|Any CPU
		{94FEE665-865D-432F-8EFC-77761A45B41B}.Debug|Any CPU.Build.0 = Debug|Any CPU
		{94FEE665-865D-432F-8EFC-77761A45B41B}.Debug|Any CPU.Deploy.0 = Debug|Any CPU
		{94FEE665-865D-432F-8EFC-77761A45B41B}.Debug|ARM.ActiveCfg = Debug|Any CPU
		{94FEE665-865D-432F-8EFC-77761A45B41B}.Debug|ARM.Build.0 = Debug|Any CPU
		{94FEE665-865D-432F-8EFC-77761A45B41B}.Debug|ARM.Deploy.0 = Debug|Any CPU
		{94FEE665-865D-432F-8EFC-77761A45B41B}.Debug|iPhone.ActiveCfg = Debug|Any CPU
		{94FEE665-865D-432F-8EFC-77761A45B41B}.Debug|iPhone.Build.0 = Debug|Any CPU
		{94FEE665-865D-432F-8EFC-77761A45B41B}.Debug|iPhone.Deploy.0 = Debug|Any CPU
		{94FEE665-865D-432F-8EFC-77761A45B41B}.Debug|iPhoneSimulator.ActiveCfg = Debug|Any CPU
		{94FEE665-865D-432F-8EFC-77761A45B41B}.Debug|iPhoneSimulator.Build.0 = Debug|Any CPU
		{94FEE665-865D-432F-8EFC-77761A45B41B}.Debug|iPhoneSimulator.Deploy.0 = Debug|Any CPU
		{94FEE665-865D-432F-8EFC-77761A45B41B}.Debug|x64.ActiveCfg = Debug|Any CPU
		{94FEE665-865D-432F-8EFC-77761A45B41B}.Debug|x64.Build.0 = Debug|Any CPU
		{94FEE665-865D-432F-8EFC-77761A45B41B}.Debug|x64.Deploy.0 = Debug|Any CPU
		{94FEE665-865D-432F-8EFC-77761A45B41B}.Debug|x86.ActiveCfg = Debug|Any CPU
		{94FEE665-865D-432F-8EFC-77761A45B41B}.Debug|x86.Build.0 = Debug|Any CPU
		{94FEE665-865D-432F-8EFC-77761A45B41B}.Debug|x86.Deploy.0 = Debug|Any CPU
		{94FEE665-865D-432F-8EFC-77761A45B41B}.Release|Any CPU.ActiveCfg = Release|Any CPU
		{94FEE665-865D-432F-8EFC-77761A45B41B}.Release|Any CPU.Build.0 = Release|Any CPU
		{94FEE665-865D-432F-8EFC-77761A45B41B}.Release|Any CPU.Deploy.0 = Release|Any CPU
		{94FEE665-865D-432F-8EFC-77761A45B41B}.Release|ARM.ActiveCfg = Release|Any CPU
		{94FEE665-865D-432F-8EFC-77761A45B41B}.Release|ARM.Build.0 = Release|Any CPU
		{94FEE665-865D-432F-8EFC-77761A45B41B}.Release|ARM.Deploy.0 = Release|Any CPU
		{94FEE665-865D-432F-8EFC-77761A45B41B}.Release|iPhone.ActiveCfg = Release|Any CPU
		{94FEE665-865D-432F-8EFC-77761A45B41B}.Release|iPhone.Build.0 = Release|Any CPU
		{94FEE665-865D-432F-8EFC-77761A45B41B}.Release|iPhone.Deploy.0 = Release|Any CPU
		{94FEE665-865D-432F-8EFC-77761A45B41B}.Release|iPhoneSimulator.ActiveCfg = Release|Any CPU
		{94FEE665-865D-432F-8EFC-77761A45B41B}.Release|iPhoneSimulator.Build.0 = Release|Any CPU
		{94FEE665-865D-432F-8EFC-77761A45B41B}.Release|iPhoneSimulator.Deploy.0 = Release|Any CPU
		{94FEE665-865D-432F-8EFC-77761A45B41B}.Release|x64.ActiveCfg = Release|Any CPU
		{94FEE665-865D-432F-8EFC-77761A45B41B}.Release|x64.Build.0 = Release|Any CPU
		{94FEE665-865D-432F-8EFC-77761A45B41B}.Release|x64.Deploy.0 = Release|Any CPU
		{94FEE665-865D-432F-8EFC-77761A45B41B}.Release|x86.ActiveCfg = Release|Any CPU
		{94FEE665-865D-432F-8EFC-77761A45B41B}.Release|x86.Build.0 = Release|Any CPU
		{94FEE665-865D-432F-8EFC-77761A45B41B}.Release|x86.Deploy.0 = Release|Any CPU
		{DDF0812C-4662-4BEA-8CDB-468E15FC5153}.Ad-Hoc|Any CPU.ActiveCfg = Release|Any CPU
		{DDF0812C-4662-4BEA-8CDB-468E15FC5153}.Ad-Hoc|Any CPU.Build.0 = Release|Any CPU
		{DDF0812C-4662-4BEA-8CDB-468E15FC5153}.Ad-Hoc|ARM.ActiveCfg = Release|Any CPU
		{DDF0812C-4662-4BEA-8CDB-468E15FC5153}.Ad-Hoc|ARM.Build.0 = Release|Any CPU
		{DDF0812C-4662-4BEA-8CDB-468E15FC5153}.Ad-Hoc|iPhone.ActiveCfg = Release|Any CPU
		{DDF0812C-4662-4BEA-8CDB-468E15FC5153}.Ad-Hoc|iPhone.Build.0 = Release|Any CPU
		{DDF0812C-4662-4BEA-8CDB-468E15FC5153}.Ad-Hoc|iPhoneSimulator.ActiveCfg = Release|Any CPU
		{DDF0812C-4662-4BEA-8CDB-468E15FC5153}.Ad-Hoc|iPhoneSimulator.Build.0 = Release|Any CPU
		{DDF0812C-4662-4BEA-8CDB-468E15FC5153}.Ad-Hoc|x64.ActiveCfg = Release|Any CPU
		{DDF0812C-4662-4BEA-8CDB-468E15FC5153}.Ad-Hoc|x64.Build.0 = Release|Any CPU
		{DDF0812C-4662-4BEA-8CDB-468E15FC5153}.Ad-Hoc|x86.ActiveCfg = Release|Any CPU
		{DDF0812C-4662-4BEA-8CDB-468E15FC5153}.Ad-Hoc|x86.Build.0 = Release|Any CPU
		{DDF0812C-4662-4BEA-8CDB-468E15FC5153}.AppStore|Any CPU.ActiveCfg = Release|Any CPU
		{DDF0812C-4662-4BEA-8CDB-468E15FC5153}.AppStore|Any CPU.Build.0 = Release|Any CPU
		{DDF0812C-4662-4BEA-8CDB-468E15FC5153}.AppStore|ARM.ActiveCfg = Release|Any CPU
		{DDF0812C-4662-4BEA-8CDB-468E15FC5153}.AppStore|ARM.Build.0 = Release|Any CPU
		{DDF0812C-4662-4BEA-8CDB-468E15FC5153}.AppStore|iPhone.ActiveCfg = Release|Any CPU
		{DDF0812C-4662-4BEA-8CDB-468E15FC5153}.AppStore|iPhone.Build.0 = Release|Any CPU
		{DDF0812C-4662-4BEA-8CDB-468E15FC5153}.AppStore|iPhoneSimulator.ActiveCfg = Release|Any CPU
		{DDF0812C-4662-4BEA-8CDB-468E15FC5153}.AppStore|iPhoneSimulator.Build.0 = Release|Any CPU
		{DDF0812C-4662-4BEA-8CDB-468E15FC5153}.AppStore|x64.ActiveCfg = Release|Any CPU
		{DDF0812C-4662-4BEA-8CDB-468E15FC5153}.AppStore|x64.Build.0 = Release|Any CPU
		{DDF0812C-4662-4BEA-8CDB-468E15FC5153}.AppStore|x86.ActiveCfg = Release|Any CPU
		{DDF0812C-4662-4BEA-8CDB-468E15FC5153}.AppStore|x86.Build.0 = Release|Any CPU
		{DDF0812C-4662-4BEA-8CDB-468E15FC5153}.Debug|Any CPU.ActiveCfg = Debug|Any CPU
		{DDF0812C-4662-4BEA-8CDB-468E15FC5153}.Debug|Any CPU.Build.0 = Debug|Any CPU
		{DDF0812C-4662-4BEA-8CDB-468E15FC5153}.Debug|ARM.ActiveCfg = Debug|Any CPU
		{DDF0812C-4662-4BEA-8CDB-468E15FC5153}.Debug|ARM.Build.0 = Debug|Any CPU
		{DDF0812C-4662-4BEA-8CDB-468E15FC5153}.Debug|iPhone.ActiveCfg = Debug|Any CPU
		{DDF0812C-4662-4BEA-8CDB-468E15FC5153}.Debug|iPhone.Build.0 = Debug|Any CPU
		{DDF0812C-4662-4BEA-8CDB-468E15FC5153}.Debug|iPhoneSimulator.ActiveCfg = Debug|Any CPU
		{DDF0812C-4662-4BEA-8CDB-468E15FC5153}.Debug|iPhoneSimulator.Build.0 = Debug|Any CPU
		{DDF0812C-4662-4BEA-8CDB-468E15FC5153}.Debug|x64.ActiveCfg = Debug|Any CPU
		{DDF0812C-4662-4BEA-8CDB-468E15FC5153}.Debug|x64.Build.0 = Debug|Any CPU
		{DDF0812C-4662-4BEA-8CDB-468E15FC5153}.Debug|x86.ActiveCfg = Debug|Any CPU
		{DDF0812C-4662-4BEA-8CDB-468E15FC5153}.Debug|x86.Build.0 = Debug|Any CPU
		{DDF0812C-4662-4BEA-8CDB-468E15FC5153}.Release|Any CPU.ActiveCfg = Release|Any CPU
		{DDF0812C-4662-4BEA-8CDB-468E15FC5153}.Release|Any CPU.Build.0 = Release|Any CPU
		{DDF0812C-4662-4BEA-8CDB-468E15FC5153}.Release|ARM.ActiveCfg = Release|Any CPU
		{DDF0812C-4662-4BEA-8CDB-468E15FC5153}.Release|ARM.Build.0 = Release|Any CPU
		{DDF0812C-4662-4BEA-8CDB-468E15FC5153}.Release|iPhone.ActiveCfg = Release|Any CPU
		{DDF0812C-4662-4BEA-8CDB-468E15FC5153}.Release|iPhone.Build.0 = Release|Any CPU
		{DDF0812C-4662-4BEA-8CDB-468E15FC5153}.Release|iPhoneSimulator.ActiveCfg = Release|Any CPU
		{DDF0812C-4662-4BEA-8CDB-468E15FC5153}.Release|iPhoneSimulator.Build.0 = Release|Any CPU
		{DDF0812C-4662-4BEA-8CDB-468E15FC5153}.Release|x64.ActiveCfg = Release|Any CPU
		{DDF0812C-4662-4BEA-8CDB-468E15FC5153}.Release|x64.Build.0 = Release|Any CPU
		{DDF0812C-4662-4BEA-8CDB-468E15FC5153}.Release|x86.ActiveCfg = Release|Any CPU
		{DDF0812C-4662-4BEA-8CDB-468E15FC5153}.Release|x86.Build.0 = Release|Any CPU
		{02A17D67-3F0B-435E-85AE-19AE3989F6D8}.Ad-Hoc|Any CPU.ActiveCfg = Release|x86
		{02A17D67-3F0B-435E-85AE-19AE3989F6D8}.Ad-Hoc|Any CPU.Build.0 = Release|x86
		{02A17D67-3F0B-435E-85AE-19AE3989F6D8}.Ad-Hoc|Any CPU.Deploy.0 = Release|x86
		{02A17D67-3F0B-435E-85AE-19AE3989F6D8}.Ad-Hoc|ARM.ActiveCfg = Release|ARM
		{02A17D67-3F0B-435E-85AE-19AE3989F6D8}.Ad-Hoc|ARM.Build.0 = Release|ARM
		{02A17D67-3F0B-435E-85AE-19AE3989F6D8}.Ad-Hoc|ARM.Deploy.0 = Release|ARM
		{02A17D67-3F0B-435E-85AE-19AE3989F6D8}.Ad-Hoc|iPhone.ActiveCfg = Release|x86
		{02A17D67-3F0B-435E-85AE-19AE3989F6D8}.Ad-Hoc|iPhone.Build.0 = Release|x86
		{02A17D67-3F0B-435E-85AE-19AE3989F6D8}.Ad-Hoc|iPhone.Deploy.0 = Release|x86
		{02A17D67-3F0B-435E-85AE-19AE3989F6D8}.Ad-Hoc|iPhoneSimulator.ActiveCfg = Release|x86
		{02A17D67-3F0B-435E-85AE-19AE3989F6D8}.Ad-Hoc|iPhoneSimulator.Build.0 = Release|x86
		{02A17D67-3F0B-435E-85AE-19AE3989F6D8}.Ad-Hoc|iPhoneSimulator.Deploy.0 = Release|x86
		{02A17D67-3F0B-435E-85AE-19AE3989F6D8}.Ad-Hoc|x64.ActiveCfg = Release|x64
		{02A17D67-3F0B-435E-85AE-19AE3989F6D8}.Ad-Hoc|x64.Build.0 = Release|x64
		{02A17D67-3F0B-435E-85AE-19AE3989F6D8}.Ad-Hoc|x64.Deploy.0 = Release|x64
		{02A17D67-3F0B-435E-85AE-19AE3989F6D8}.Ad-Hoc|x86.ActiveCfg = Release|x86
		{02A17D67-3F0B-435E-85AE-19AE3989F6D8}.Ad-Hoc|x86.Build.0 = Release|x86
		{02A17D67-3F0B-435E-85AE-19AE3989F6D8}.Ad-Hoc|x86.Deploy.0 = Release|x86
		{02A17D67-3F0B-435E-85AE-19AE3989F6D8}.AppStore|Any CPU.ActiveCfg = Release|x86
		{02A17D67-3F0B-435E-85AE-19AE3989F6D8}.AppStore|Any CPU.Build.0 = Release|x86
		{02A17D67-3F0B-435E-85AE-19AE3989F6D8}.AppStore|Any CPU.Deploy.0 = Release|x86
		{02A17D67-3F0B-435E-85AE-19AE3989F6D8}.AppStore|ARM.ActiveCfg = Release|ARM
		{02A17D67-3F0B-435E-85AE-19AE3989F6D8}.AppStore|ARM.Build.0 = Release|ARM
		{02A17D67-3F0B-435E-85AE-19AE3989F6D8}.AppStore|ARM.Deploy.0 = Release|ARM
		{02A17D67-3F0B-435E-85AE-19AE3989F6D8}.AppStore|iPhone.ActiveCfg = Release|x86
		{02A17D67-3F0B-435E-85AE-19AE3989F6D8}.AppStore|iPhone.Build.0 = Release|x86
		{02A17D67-3F0B-435E-85AE-19AE3989F6D8}.AppStore|iPhone.Deploy.0 = Release|x86
		{02A17D67-3F0B-435E-85AE-19AE3989F6D8}.AppStore|iPhoneSimulator.ActiveCfg = Release|x86
		{02A17D67-3F0B-435E-85AE-19AE3989F6D8}.AppStore|iPhoneSimulator.Build.0 = Release|x86
		{02A17D67-3F0B-435E-85AE-19AE3989F6D8}.AppStore|iPhoneSimulator.Deploy.0 = Release|x86
		{02A17D67-3F0B-435E-85AE-19AE3989F6D8}.AppStore|x64.ActiveCfg = Release|x64
		{02A17D67-3F0B-435E-85AE-19AE3989F6D8}.AppStore|x64.Build.0 = Release|x64
		{02A17D67-3F0B-435E-85AE-19AE3989F6D8}.AppStore|x64.Deploy.0 = Release|x64
		{02A17D67-3F0B-435E-85AE-19AE3989F6D8}.AppStore|x86.ActiveCfg = Release|x86
		{02A17D67-3F0B-435E-85AE-19AE3989F6D8}.AppStore|x86.Build.0 = Release|x86
		{02A17D67-3F0B-435E-85AE-19AE3989F6D8}.AppStore|x86.Deploy.0 = Release|x86
		{02A17D67-3F0B-435E-85AE-19AE3989F6D8}.Debug|Any CPU.ActiveCfg = Debug|x86
		{02A17D67-3F0B-435E-85AE-19AE3989F6D8}.Debug|ARM.ActiveCfg = Debug|ARM
		{02A17D67-3F0B-435E-85AE-19AE3989F6D8}.Debug|ARM.Build.0 = Debug|ARM
		{02A17D67-3F0B-435E-85AE-19AE3989F6D8}.Debug|ARM.Deploy.0 = Debug|ARM
		{02A17D67-3F0B-435E-85AE-19AE3989F6D8}.Debug|iPhone.ActiveCfg = Debug|x86
		{02A17D67-3F0B-435E-85AE-19AE3989F6D8}.Debug|iPhoneSimulator.ActiveCfg = Debug|x86
		{02A17D67-3F0B-435E-85AE-19AE3989F6D8}.Debug|x64.ActiveCfg = Debug|x64
		{02A17D67-3F0B-435E-85AE-19AE3989F6D8}.Debug|x64.Build.0 = Debug|x64
		{02A17D67-3F0B-435E-85AE-19AE3989F6D8}.Debug|x64.Deploy.0 = Debug|x64
		{02A17D67-3F0B-435E-85AE-19AE3989F6D8}.Debug|x86.ActiveCfg = Debug|x86
		{02A17D67-3F0B-435E-85AE-19AE3989F6D8}.Debug|x86.Build.0 = Debug|x86
		{02A17D67-3F0B-435E-85AE-19AE3989F6D8}.Debug|x86.Deploy.0 = Debug|x86
		{02A17D67-3F0B-435E-85AE-19AE3989F6D8}.Release|Any CPU.ActiveCfg = Release|x86
		{02A17D67-3F0B-435E-85AE-19AE3989F6D8}.Release|ARM.ActiveCfg = Release|ARM
		{02A17D67-3F0B-435E-85AE-19AE3989F6D8}.Release|ARM.Build.0 = Release|ARM
		{02A17D67-3F0B-435E-85AE-19AE3989F6D8}.Release|ARM.Deploy.0 = Release|ARM
		{02A17D67-3F0B-435E-85AE-19AE3989F6D8}.Release|iPhone.ActiveCfg = Release|x86
		{02A17D67-3F0B-435E-85AE-19AE3989F6D8}.Release|iPhoneSimulator.ActiveCfg = Release|x86
		{02A17D67-3F0B-435E-85AE-19AE3989F6D8}.Release|x64.ActiveCfg = Release|x64
		{02A17D67-3F0B-435E-85AE-19AE3989F6D8}.Release|x64.Build.0 = Release|x64
		{02A17D67-3F0B-435E-85AE-19AE3989F6D8}.Release|x64.Deploy.0 = Release|x64
		{02A17D67-3F0B-435E-85AE-19AE3989F6D8}.Release|x86.ActiveCfg = Release|x86
		{02A17D67-3F0B-435E-85AE-19AE3989F6D8}.Release|x86.Build.0 = Release|x86
		{02A17D67-3F0B-435E-85AE-19AE3989F6D8}.Release|x86.Deploy.0 = Release|x86
		{D0556450-846C-4672-B2F6-31E9B89A3CF3}.Ad-Hoc|Any CPU.ActiveCfg = Ad-Hoc|iPhone
		{D0556450-846C-4672-B2F6-31E9B89A3CF3}.Ad-Hoc|ARM.ActiveCfg = Ad-Hoc|iPhone
		{D0556450-846C-4672-B2F6-31E9B89A3CF3}.Ad-Hoc|iPhone.ActiveCfg = Ad-Hoc|iPhone
		{D0556450-846C-4672-B2F6-31E9B89A3CF3}.Ad-Hoc|iPhone.Build.0 = Ad-Hoc|iPhone
		{D0556450-846C-4672-B2F6-31E9B89A3CF3}.Ad-Hoc|iPhoneSimulator.ActiveCfg = Ad-Hoc|iPhoneSimulator
		{D0556450-846C-4672-B2F6-31E9B89A3CF3}.Ad-Hoc|iPhoneSimulator.Build.0 = Ad-Hoc|iPhoneSimulator
		{D0556450-846C-4672-B2F6-31E9B89A3CF3}.Ad-Hoc|x64.ActiveCfg = Ad-Hoc|iPhone
		{D0556450-846C-4672-B2F6-31E9B89A3CF3}.Ad-Hoc|x86.ActiveCfg = Ad-Hoc|iPhone
		{D0556450-846C-4672-B2F6-31E9B89A3CF3}.AppStore|Any CPU.ActiveCfg = AppStore|iPhone
		{D0556450-846C-4672-B2F6-31E9B89A3CF3}.AppStore|ARM.ActiveCfg = AppStore|iPhone
		{D0556450-846C-4672-B2F6-31E9B89A3CF3}.AppStore|iPhone.ActiveCfg = AppStore|iPhone
		{D0556450-846C-4672-B2F6-31E9B89A3CF3}.AppStore|iPhone.Build.0 = AppStore|iPhone
		{D0556450-846C-4672-B2F6-31E9B89A3CF3}.AppStore|iPhoneSimulator.ActiveCfg = AppStore|iPhoneSimulator
		{D0556450-846C-4672-B2F6-31E9B89A3CF3}.AppStore|iPhoneSimulator.Build.0 = AppStore|iPhoneSimulator
		{D0556450-846C-4672-B2F6-31E9B89A3CF3}.AppStore|x64.ActiveCfg = AppStore|iPhone
		{D0556450-846C-4672-B2F6-31E9B89A3CF3}.AppStore|x86.ActiveCfg = AppStore|iPhone
		{D0556450-846C-4672-B2F6-31E9B89A3CF3}.Debug|Any CPU.ActiveCfg = Debug|iPhone
		{D0556450-846C-4672-B2F6-31E9B89A3CF3}.Debug|ARM.ActiveCfg = Debug|iPhone
		{D0556450-846C-4672-B2F6-31E9B89A3CF3}.Debug|iPhone.ActiveCfg = Debug|iPhone
		{D0556450-846C-4672-B2F6-31E9B89A3CF3}.Debug|iPhone.Build.0 = Debug|iPhone
		{D0556450-846C-4672-B2F6-31E9B89A3CF3}.Debug|iPhoneSimulator.ActiveCfg = Debug|iPhoneSimulator
		{D0556450-846C-4672-B2F6-31E9B89A3CF3}.Debug|iPhoneSimulator.Build.0 = Debug|iPhoneSimulator
		{D0556450-846C-4672-B2F6-31E9B89A3CF3}.Debug|x64.ActiveCfg = Debug|iPhone
		{D0556450-846C-4672-B2F6-31E9B89A3CF3}.Debug|x86.ActiveCfg = Debug|iPhone
		{D0556450-846C-4672-B2F6-31E9B89A3CF3}.Release|Any CPU.ActiveCfg = Release|iPhone
		{D0556450-846C-4672-B2F6-31E9B89A3CF3}.Release|ARM.ActiveCfg = Release|iPhone
		{D0556450-846C-4672-B2F6-31E9B89A3CF3}.Release|iPhone.ActiveCfg = Release|iPhone
		{D0556450-846C-4672-B2F6-31E9B89A3CF3}.Release|iPhone.Build.0 = Release|iPhone
		{D0556450-846C-4672-B2F6-31E9B89A3CF3}.Release|iPhoneSimulator.ActiveCfg = Release|iPhoneSimulator
		{D0556450-846C-4672-B2F6-31E9B89A3CF3}.Release|iPhoneSimulator.Build.0 = Release|iPhoneSimulator
		{D0556450-846C-4672-B2F6-31E9B89A3CF3}.Release|x64.ActiveCfg = Release|iPhone
		{D0556450-846C-4672-B2F6-31E9B89A3CF3}.Release|x86.ActiveCfg = Release|iPhone
	EndGlobalSection
	GlobalSection(SolutionProperties) = preSolution
		HideSolutionNode = FALSE
	EndGlobalSection
EndGlobal
